PODS:
  - CTVideoView (0.1.0):
    - CTVideoView/categories (= 0.1.0)
    - CTVideoView/controllers (= 0.1.0)
    - CTVideoView/manager (= 0.1.0)
    - CTVideoView/views (= 0.1.0)
  - CTVideoView/categories (0.1.0)
  - CTVideoView/controllers (0.1.0):
    - CTVideoView/manager
    - CTVideoView/views
  - CTVideoView/manager (0.1.0)
  - CTVideoView/views (0.1.0):
    - CTVideoView/categories
    - CTVideoView/manager

DEPENDENCIES:
  - CTVideoView (from `../`)

EXTERNAL SOURCES:
  CTVideoView:
    :path: ../

SPEC CHECKSUMS:
  CTVideoView: 1a9d29c943c4d952fef8a400ee7f78bfeac83265

COCOAPODS: 0.39.0
